
Microsoft Visual Studio Solution File, Format Version 12.00
Project("{FAE04EC0-301F-11D3-BF4B-00C04F79EFBC}") = "CodePlayground.API", "CodePlayground.API\CodePlayground.API.csproj", "{847276AD-19BF-4A85-A636-64E8D51E285D}"
EndProject
Project("{2150E333-8FDC-42A3-9474-1A3956D46DE8}") = "Solution Items", "Solution Items", "{1134D034-AA0B-4DB4-BFC2-C180CD50C403}"
	ProjectSection(SolutionItems) = preProject
		docker-compose.yml = docker-compose.yml
	EndProjectSection
EndProject
Project("{FAE04EC0-301F-11D3-BF4B-00C04F79EFBC}") = "CodePlayground.Core", "CodePlayground.Core\CodePlayground.Core.csproj", "{F7DBEC6A-C1DF-4121-AE54-F7DAF9DC08CB}"
EndProject
Project("{FAE04EC0-301F-11D3-BF4B-00C04F79EFBC}") = "CodePlayground.Tests", "CodePlayground.Tests\CodePlayground.Tests.csproj", "{5D5B21B3-14CE-48E7-B14A-664F46DE111F}"
EndProject
Global
	GlobalSection(SolutionConfigurationPlatforms) = preSolution
		Debug|Any CPU = Debug|Any CPU
		Release|Any CPU = Release|Any CPU
	EndGlobalSection
	GlobalSection(ProjectConfigurationPlatforms) = postSolution
		{847276AD-19BF-4A85-A636-64E8D51E285D}.Debug|Any CPU.ActiveCfg = Debug|Any CPU
		{847276AD-19BF-4A85-A636-64E8D51E285D}.Debug|Any CPU.Build.0 = Debug|Any CPU
		{847276AD-19BF-4A85-A636-64E8D51E285D}.Release|Any CPU.ActiveCfg = Release|Any CPU
		{847276AD-19BF-4A85-A636-64E8D51E285D}.Release|Any CPU.Build.0 = Release|Any CPU
		{F7DBEC6A-C1DF-4121-AE54-F7DAF9DC08CB}.Debug|Any CPU.ActiveCfg = Debug|Any CPU
		{F7DBEC6A-C1DF-4121-AE54-F7DAF9DC08CB}.Debug|Any CPU.Build.0 = Debug|Any CPU
		{F7DBEC6A-C1DF-4121-AE54-F7DAF9DC08CB}.Release|Any CPU.ActiveCfg = Release|Any CPU
		{F7DBEC6A-C1DF-4121-AE54-F7DAF9DC08CB}.Release|Any CPU.Build.0 = Release|Any CPU
		{5D5B21B3-14CE-48E7-B14A-664F46DE111F}.Debug|Any CPU.ActiveCfg = Debug|Any CPU
		{5D5B21B3-14CE-48E7-B14A-664F46DE111F}.Debug|Any CPU.Build.0 = Debug|Any CPU
		{5D5B21B3-14CE-48E7-B14A-664F46DE111F}.Release|Any CPU.ActiveCfg = Release|Any CPU
		{5D5B21B3-14CE-48E7-B14A-664F46DE111F}.Release|Any CPU.Build.0 = Release|Any CPU
	EndGlobalSection
EndGlobal
